
Microsoft Visual Studio Solution File, Format Version 12.00
# Visual Studio Version 17
VisualStudioVersion = 17.0.31903.59
MinimumVisualStudioVersion = 10.0.40219.1
Project("{FAE04EC0-301F-11D3-BF4B-00C04F79EFBC}") = "track-focus", "track-focus\track-focus.csproj", "{B41A0C78-DDEB-4500-A500-6B24F68CAD01}"
EndProject
Global
	GlobalSection(SolutionConfigurationPlatforms) = preSolution
		Debug|Any CPU = Debug|Any CPU
		Release|Any CPU = Release|Any CPU
	EndGlobalSection
	GlobalSection(SolutionProperties) = preSolution
		HideSolutionNode = FALSE
	EndGlobalSection
	GlobalSection(ProjectConfigurationPlatforms) = postSolution
		{B41A0C78-DDEB-4500-A500-6B24F68CAD01}.Debug|Any CPU.ActiveCfg = Debug|Any CPU
		{B41A0C78-DDEB-4500-A500-6B24F68CAD01}.Debug|Any CPU.Build.0 = Debug|Any CPU
		{B41A0C78-DDEB-4500-A500-6B24F68CAD01}.Release|Any CPU.ActiveCfg = Release|Any CPU
		{B41A0C78-DDEB-4500-A500-6B24F68CAD01}.Release|Any CPU.Build.0 = Release|Any CPU
	EndGlobalSection
EndGlobal
